
Microsoft Visual Studio Solution File, Format Version 12.00
# Visual Studio Version 16
VisualStudioVersion = 16.0.30907.101
MinimumVisualStudioVersion = 10.0.40219.1
Project("{FAE04EC0-301F-11D3-BF4B-00C04F79EFBC}") = "CarRental.DAL", "CarRental.DAL\CarRental.DAL.csproj", "{0D19DB10-76BB-41E1-80E5-FB490EC9E510}"
EndProject
Project("{FAE04EC0-301F-11D3-BF4B-00C04F79EFBC}") = "CarRental.BLL", "CarRental.BLL\CarRental.BLL.csproj", "{89BD81F9-4B6F-4755-B3F5-E46237B51BC0}"
EndProject
Project("{FAE04EC0-301F-11D3-BF4B-00C04F79EFBC}") = "CarRental.WEB", "CarRental.WEB\CarRental.WEB.csproj", "{679BC19D-73AF-4926-BBAF-DFB24FB835C7}"
EndProject
Project("{FAE04EC0-301F-11D3-BF4B-00C04F79EFBC}") = "CarRental.UnitTests", "CarRental.UnitTests\CarRental.UnitTests.csproj", "{BD4BC71B-11DD-4ADD-A146-495CAAE4C311}"
EndProject
Global
	GlobalSection(SolutionConfigurationPlatforms) = preSolution
		Debug|Any CPU = Debug|Any CPU
		Release|Any CPU = Release|Any CPU
	EndGlobalSection
	GlobalSection(ProjectConfigurationPlatforms) = postSolution
		{0D19DB10-76BB-41E1-80E5-FB490EC9E510}.Debug|Any CPU.ActiveCfg = Debug|Any CPU
		{0D19DB10-76BB-41E1-80E5-FB490EC9E510}.Debug|Any CPU.Build.0 = Debug|Any CPU
		{0D19DB10-76BB-41E1-80E5-FB490EC9E510}.Release|Any CPU.ActiveCfg = Release|Any CPU
		{0D19DB10-76BB-41E1-80E5-FB490EC9E510}.Release|Any CPU.Build.0 = Release|Any CPU
		{89BD81F9-4B6F-4755-B3F5-E46237B51BC0}.Debug|Any CPU.ActiveCfg = Debug|Any CPU
		{89BD81F9-4B6F-4755-B3F5-E46237B51BC0}.Debug|Any CPU.Build.0 = Debug|Any CPU
		{89BD81F9-4B6F-4755-B3F5-E46237B51BC0}.Release|Any CPU.ActiveCfg = Release|Any CPU
		{89BD81F9-4B6F-4755-B3F5-E46237B51BC0}.Release|Any CPU.Build.0 = Release|Any CPU
		{679BC19D-73AF-4926-BBAF-DFB24FB835C7}.Debug|Any CPU.ActiveCfg = Debug|Any CPU
		{679BC19D-73AF-4926-BBAF-DFB24FB835C7}.Debug|Any CPU.Build.0 = Debug|Any CPU
		{679BC19D-73AF-4926-BBAF-DFB24FB835C7}.Release|Any CPU.ActiveCfg = Release|Any CPU
		{679BC19D-73AF-4926-BBAF-DFB24FB835C7}.Release|Any CPU.Build.0 = Release|Any CPU
		{BD4BC71B-11DD-4ADD-A146-495CAAE4C311}.Debug|Any CPU.ActiveCfg = Debug|Any CPU
		{BD4BC71B-11DD-4ADD-A146-495CAAE4C311}.Debug|Any CPU.Build.0 = Debug|Any CPU
		{BD4BC71B-11DD-4ADD-A146-495CAAE4C311}.Release|Any CPU.ActiveCfg = Release|Any CPU
		{BD4BC71B-11DD-4ADD-A146-495CAAE4C311}.Release|Any CPU.Build.0 = Release|Any CPU
	EndGlobalSection
	GlobalSection(SolutionProperties) = preSolution
		HideSolutionNode = FALSE
	EndGlobalSection
	GlobalSection(ExtensibilityGlobals) = postSolution
		SolutionGuid = {56BDE436-01C3-4CC1-8827-C8D7FACB1E02}
	EndGlobalSection
EndGlobal
